
Microsoft Visual Studio Solution File, Format Version 12.00
# Visual Studio Version 17
VisualStudioVersion = 17.6.33829.357
MinimumVisualStudioVersion = 10.0.40219.1
Project("{FAE04EC0-301F-11D3-BF4B-00C04F79EFBC}") = "math", "math.csproj", "{D46EC2CC-2658-479B-8753-5797BE7A5C32}"
EndProject
Global
	GlobalSection(SolutionConfigurationPlatforms) = preSolution
		Debug|Any CPU = Debug|Any CPU
		Release|Any CPU = Release|Any CPU
	EndGlobalSection
	GlobalSection(ProjectConfigurationPlatforms) = postSolution
		{D46EC2CC-2658-479B-8753-5797BE7A5C32}.Debug|Any CPU.ActiveCfg = Debug|Any CPU
		{D46EC2CC-2658-479B-8753-5797BE7A5C32}.Debug|Any CPU.Build.0 = Debug|Any CPU
		{D46EC2CC-2658-479B-8753-5797BE7A5C32}.Release|Any CPU.ActiveCfg = Release|Any CPU
		{D46EC2CC-2658-479B-8753-5797BE7A5C32}.Release|Any CPU.Build.0 = Release|Any CPU
	EndGlobalSection
	GlobalSection(SolutionProperties) = preSolution
		HideSolutionNode = FALSE
	EndGlobalSection
	GlobalSection(ExtensibilityGlobals) = postSolution
		SolutionGuid = {C914E0D5-5CE8-42AF-89CC-3DB7B42E0C86}
	EndGlobalSection
EndGlobal
